{
  "nodes": {
    "nixpkgs": {
      "locked": {
        "lastModified": 1707001875,
        "narHash": "sha256-UtvN2T1CBNDB+prASO8H3MIji6QQyojyhIzJSgoBwCY=",
        "owner": "NixOS",
        "repo": "nixpkgs",
        "rev": "c96ce5eae6b43ae999a8df54a097326a9899f896",
        "type": "github"
      },
      "original": {
        "owner": "NixOS",
        "ref": "release-23.11",
        "repo": "nixpkgs",
        "type": "github"
      }
    },
    "root": {
      "inputs": {
        "nixpkgs": "nixpkgs"
      }
    }
  },
  "root": "root",
  "version": 7
}
