{
  "nodes": {
    "disko": {
      "inputs": {
        "nixpkgs": [
          "nixpkgs"
        ]
      },
      "locked": {
        "lastModified": 1707524024,
        "narHash": "sha256-HmumZ8FuWAAYZrWUKm3N4G4h8nmZ5VUVX+vXLmCJNKM=",
        "owner": "nix-community",
        "repo": "disko",
        "rev": "d07de570ba05cec2807d058daaa044f6955720c7",
        "type": "github"
      },
      "original": {
        "owner": "nix-community",
        "repo": "disko",
        "type": "github"
      }
    },
    "flake-programs-sqlite": {
      "inputs": {
        "nixpkgs": [
          "nixpkgs"
        ],
        "utils": "utils"
      },
      "locked": {
        "lastModified": 1707192227,
        "narHash": "sha256-0hn0lTkBSAdFvjGr4Q91rRPyeemVCp7QvN2tifiAUaQ=",
        "owner": "wamserma",
        "repo": "flake-programs-sqlite",
        "rev": "46f2ea096b1323f1c9420526551e4587a2af9608",
        "type": "github"
      },
      "original": {
        "owner": "wamserma",
        "repo": "flake-programs-sqlite",
        "type": "github"
      }
    },
    "home-manager": {
      "inputs": {
        "nixpkgs": [
          "nixpkgs"
        ]
      },
      "locked": {
        "lastModified": 1710974515,
        "narHash": "sha256-jZpdsypecYTOO9l12Vy77otGmh9uz8tGzcguifA30Vs=",
        "owner": "nix-community",
        "repo": "home-manager",
        "rev": "1c2acec99933f9835cc7ad47e35303de92d923a4",
        "type": "github"
      },
      "original": {
        "owner": "nix-community",
        "repo": "home-manager",
        "type": "github"
      }
    },
    "nix-index-database": {
      "inputs": {
        "nixpkgs": [
          "nixpkgs"
        ]
      },
      "locked": {
        "lastModified": 1707016097,
        "narHash": "sha256-V4lHr6hFQ3rK650dh64Xffxsf4kse9vUYWsM+ldjkco=",
        "owner": "Mic92",
        "repo": "nix-index-database",
        "rev": "3e3dad2808379c522138e2e8b0eb73500721a237",
        "type": "github"
      },
      "original": {
        "owner": "Mic92",
        "repo": "nix-index-database",
        "type": "github"
      }
    },
    "nixpkgs": {
      "locked": {
        "lastModified": 1707091808,
        "narHash": "sha256-LahKBAfGbY836gtpVNnWwBTIzN7yf/uYM/S0g393r0Y=",
        "owner": "NixOS",
        "repo": "nixpkgs",
        "rev": "9f2ee8c91ac42da3ae6c6a1d21555f283458247e",
        "type": "github"
      },
      "original": {
        "owner": "NixOS",
        "ref": "nixos-23.11",
        "repo": "nixpkgs",
        "type": "github"
      }
    },
    "nixpkgs-unstable": {
      "locked": {
        "lastModified": 1710806803,
        "narHash": "sha256-qrxvLS888pNJFwJdK+hf1wpRCSQcqA6W5+Ox202NDa0=",
        "owner": "NixOS",
        "repo": "nixpkgs",
        "rev": "b06025f1533a1e07b6db3e75151caa155d1c7eb3",
        "type": "github"
      },
      "original": {
        "owner": "NixOS",
        "ref": "nixos-unstable",
        "repo": "nixpkgs",
        "type": "github"
      }
    },
    "root": {
      "inputs": {
        "disko": "disko",
        "flake-programs-sqlite": "flake-programs-sqlite",
        "home-manager": "home-manager",
        "nix-index-database": "nix-index-database",
        "nixpkgs": "nixpkgs",
        "nixpkgs-unstable": "nixpkgs-unstable"
      }
    },
    "utils": {
      "locked": {
        "lastModified": 1678901627,
        "narHash": "sha256-U02riOqrKKzwjsxc/400XnElV+UtPUQWpANPlyazjH0=",
        "owner": "numtide",
        "repo": "flake-utils",
        "rev": "93a2b84fc4b70d9e089d029deacc3583435c2ed6",
        "type": "github"
      },
      "original": {
        "owner": "numtide",
        "repo": "flake-utils",
        "type": "github"
      }
    }
  },
  "root": "root",
  "version": 7
}
